
Microsoft Visual Studio Solution File, Format Version 12.00
# Visual Studio 15
VisualStudioVersion = 15.0.28307.1231
MinimumVisualStudioVersion = 10.0.40219.1
Project("{262852C6-CD72-467D-83FE-5EEB1973A190}") = "analytics_dashboard", "analytics_dashboard\analytics_dashboard.jsproj", "{48AF2D0C-1DD0-4621-BB03-70D53529980D}"
EndProject
Global
	GlobalSection(SolutionConfigurationPlatforms) = preSolution
		Debug|Any CPU = Debug|Any CPU
		Debug|ARM = Debug|ARM
		Debug|ARM64 = Debug|ARM64
		Debug|x64 = Debug|x64
		Debug|x86 = Debug|x86
		Release|Any CPU = Release|Any CPU
		Release|ARM = Release|ARM
		Release|ARM64 = Release|ARM64
		Release|x64 = Release|x64
		Release|x86 = Release|x86
	EndGlobalSection
	GlobalSection(ProjectConfigurationPlatforms) = postSolution
		{48AF2D0C-1DD0-4621-BB03-70D53529980D}.Debug|Any CPU.ActiveCfg = Debug|Any CPU
		{48AF2D0C-1DD0-4621-BB03-70D53529980D}.Debug|Any CPU.Build.0 = Debug|Any CPU
		{48AF2D0C-1DD0-4621-BB03-70D53529980D}.Debug|Any CPU.Deploy.0 = Debug|Any CPU
		{48AF2D0C-1DD0-4621-BB03-70D53529980D}.Debug|ARM.ActiveCfg = Debug|ARM
		{48AF2D0C-1DD0-4621-BB03-70D53529980D}.Debug|ARM.Build.0 = Debug|ARM
		{48AF2D0C-1DD0-4621-BB03-70D53529980D}.Debug|ARM.Deploy.0 = Debug|ARM
		{48AF2D0C-1DD0-4621-BB03-70D53529980D}.Debug|ARM64.ActiveCfg = Debug|ARM64
		{48AF2D0C-1DD0-4621-BB03-70D53529980D}.Debug|ARM64.Build.0 = Debug|ARM64
		{48AF2D0C-1DD0-4621-BB03-70D53529980D}.Debug|ARM64.Deploy.0 = Debug|ARM64
		{48AF2D0C-1DD0-4621-BB03-70D53529980D}.Debug|x64.ActiveCfg = Debug|x64
		{48AF2D0C-1DD0-4621-BB03-70D53529980D}.Debug|x64.Build.0 = Debug|x64
		{48AF2D0C-1DD0-4621-BB03-70D53529980D}.Debug|x64.Deploy.0 = Debug|x64
		{48AF2D0C-1DD0-4621-BB03-70D53529980D}.Debug|x86.ActiveCfg = Debug|x86
		{48AF2D0C-1DD0-4621-BB03-70D53529980D}.Debug|x86.Build.0 = Debug|x86
		{48AF2D0C-1DD0-4621-BB03-70D53529980D}.Debug|x86.Deploy.0 = Debug|x86
		{48AF2D0C-1DD0-4621-BB03-70D53529980D}.Release|Any CPU.ActiveCfg = Release|Any CPU
		{48AF2D0C-1DD0-4621-BB03-70D53529980D}.Release|Any CPU.Build.0 = Release|Any CPU
		{48AF2D0C-1DD0-4621-BB03-70D53529980D}.Release|Any CPU.Deploy.0 = Release|Any CPU
		{48AF2D0C-1DD0-4621-BB03-70D53529980D}.Release|ARM.ActiveCfg = Release|ARM
		{48AF2D0C-1DD0-4621-BB03-70D53529980D}.Release|ARM.Build.0 = Release|ARM
		{48AF2D0C-1DD0-4621-BB03-70D53529980D}.Release|ARM.Deploy.0 = Release|ARM
		{48AF2D0C-1DD0-4621-BB03-70D53529980D}.Release|ARM64.ActiveCfg = Release|ARM64
		{48AF2D0C-1DD0-4621-BB03-70D53529980D}.Release|ARM64.Build.0 = Release|ARM64
		{48AF2D0C-1DD0-4621-BB03-70D53529980D}.Release|ARM64.Deploy.0 = Release|ARM64
		{48AF2D0C-1DD0-4621-BB03-70D53529980D}.Release|x64.ActiveCfg = Release|x64
		{48AF2D0C-1DD0-4621-BB03-70D53529980D}.Release|x64.Build.0 = Release|x64
		{48AF2D0C-1DD0-4621-BB03-70D53529980D}.Release|x64.Deploy.0 = Release|x64
		{48AF2D0C-1DD0-4621-BB03-70D53529980D}.Release|x86.ActiveCfg = Release|x86
		{48AF2D0C-1DD0-4621-BB03-70D53529980D}.Release|x86.Build.0 = Release|x86
		{48AF2D0C-1DD0-4621-BB03-70D53529980D}.Release|x86.Deploy.0 = Release|x86
	EndGlobalSection
	GlobalSection(SolutionProperties) = preSolution
		HideSolutionNode = FALSE
	EndGlobalSection
	GlobalSection(ExtensibilityGlobals) = postSolution
		SolutionGuid = {AAE5393F-7AA9-4218-9774-29D618EE700E}
	EndGlobalSection
EndGlobal
